
Microsoft Visual Studio Solution File, Format Version 11.00
# Visual Studio 2010
Project("{FAE04EC0-301F-11D3-BF4B-00C04F79EFBC}") = "ApplicationServer", "ApplicationServer\ApplicationServer.csproj", "{32BDB968-A687-4F87-8646-ADEC908D68E0}"
EndProject
Project("{FAE04EC0-301F-11D3-BF4B-00C04F79EFBC}") = "DesktopClient", "DesktopClient\DesktopClient.csproj", "{679139A8-7E5C-43AF-BDAD-4926E749D6F1}"
	ProjectSection(ProjectDependencies) = postProject
		{32BDB968-A687-4F87-8646-ADEC908D68E0} = {32BDB968-A687-4F87-8646-ADEC908D68E0}
	EndProjectSection
EndProject
Project("{FAE04EC0-301F-11D3-BF4B-00C04F79EFBC}") = "MobileClient", "MobileClient\MobileClient.csproj", "{5D6862A0-327D-4E09-9CFF-2871A5E9F0A8}"
EndProject
Project("{FAE04EC0-301F-11D3-BF4B-00C04F79EFBC}") = "WebClient", "WebClient\WebClient.csproj", "{9E5F7A66-08C3-4DAA-BFEF-00AE6821D0F9}"
EndProject
Project("{FAE04EC0-301F-11D3-BF4B-00C04F79EFBC}") = "ORM", "ORM\ORM.csproj", "{4CD5B14E-64F3-4537-B7D0-8BBE4AC19BA6}"
EndProject
Project("{FAE04EC0-301F-11D3-BF4B-00C04F79EFBC}") = "TestProject", "TestProject\TestProject.csproj", "{D7AC9CC1-70D2-44CD-860D-385F8CC6C222}"
EndProject
Global
	GlobalSection(SolutionConfigurationPlatforms) = preSolution
		Debug|Any CPU = Debug|Any CPU
		Debug|Mixed Platforms = Debug|Mixed Platforms
		Debug|x86 = Debug|x86
		Release|Any CPU = Release|Any CPU
		Release|Mixed Platforms = Release|Mixed Platforms
		Release|x86 = Release|x86
	EndGlobalSection
	GlobalSection(ProjectConfigurationPlatforms) = postSolution
		{32BDB968-A687-4F87-8646-ADEC908D68E0}.Debug|Any CPU.ActiveCfg = Debug|x86
		{32BDB968-A687-4F87-8646-ADEC908D68E0}.Debug|Mixed Platforms.ActiveCfg = Debug|x86
		{32BDB968-A687-4F87-8646-ADEC908D68E0}.Debug|Mixed Platforms.Build.0 = Debug|x86
		{32BDB968-A687-4F87-8646-ADEC908D68E0}.Debug|x86.ActiveCfg = Debug|x86
		{32BDB968-A687-4F87-8646-ADEC908D68E0}.Debug|x86.Build.0 = Debug|x86
		{32BDB968-A687-4F87-8646-ADEC908D68E0}.Release|Any CPU.ActiveCfg = Release|x86
		{32BDB968-A687-4F87-8646-ADEC908D68E0}.Release|Mixed Platforms.ActiveCfg = Release|x86
		{32BDB968-A687-4F87-8646-ADEC908D68E0}.Release|Mixed Platforms.Build.0 = Release|x86
		{32BDB968-A687-4F87-8646-ADEC908D68E0}.Release|x86.ActiveCfg = Release|x86
		{32BDB968-A687-4F87-8646-ADEC908D68E0}.Release|x86.Build.0 = Release|x86
		{679139A8-7E5C-43AF-BDAD-4926E749D6F1}.Debug|Any CPU.ActiveCfg = Debug|x86
		{679139A8-7E5C-43AF-BDAD-4926E749D6F1}.Debug|Mixed Platforms.ActiveCfg = Debug|x86
		{679139A8-7E5C-43AF-BDAD-4926E749D6F1}.Debug|Mixed Platforms.Build.0 = Debug|x86
		{679139A8-7E5C-43AF-BDAD-4926E749D6F1}.Debug|x86.ActiveCfg = Debug|x86
		{679139A8-7E5C-43AF-BDAD-4926E749D6F1}.Debug|x86.Build.0 = Debug|x86
		{679139A8-7E5C-43AF-BDAD-4926E749D6F1}.Release|Any CPU.ActiveCfg = Release|x86
		{679139A8-7E5C-43AF-BDAD-4926E749D6F1}.Release|Mixed Platforms.ActiveCfg = Release|x86
		{679139A8-7E5C-43AF-BDAD-4926E749D6F1}.Release|Mixed Platforms.Build.0 = Release|x86
		{679139A8-7E5C-43AF-BDAD-4926E749D6F1}.Release|x86.ActiveCfg = Release|x86
		{679139A8-7E5C-43AF-BDAD-4926E749D6F1}.Release|x86.Build.0 = Release|x86
		{5D6862A0-327D-4E09-9CFF-2871A5E9F0A8}.Debug|Any CPU.ActiveCfg = Debug|Any CPU
		{5D6862A0-327D-4E09-9CFF-2871A5E9F0A8}.Debug|Any CPU.Build.0 = Debug|Any CPU
		{5D6862A0-327D-4E09-9CFF-2871A5E9F0A8}.Debug|Any CPU.Deploy.0 = Debug|Any CPU
		{5D6862A0-327D-4E09-9CFF-2871A5E9F0A8}.Debug|Mixed Platforms.ActiveCfg = Debug|Any CPU
		{5D6862A0-327D-4E09-9CFF-2871A5E9F0A8}.Debug|Mixed Platforms.Build.0 = Debug|Any CPU
		{5D6862A0-327D-4E09-9CFF-2871A5E9F0A8}.Debug|Mixed Platforms.Deploy.0 = Debug|Any CPU
		{5D6862A0-327D-4E09-9CFF-2871A5E9F0A8}.Debug|x86.ActiveCfg = Debug|Any CPU
		{5D6862A0-327D-4E09-9CFF-2871A5E9F0A8}.Release|Any CPU.ActiveCfg = Release|Any CPU
		{5D6862A0-327D-4E09-9CFF-2871A5E9F0A8}.Release|Any CPU.Build.0 = Release|Any CPU
		{5D6862A0-327D-4E09-9CFF-2871A5E9F0A8}.Release|Any CPU.Deploy.0 = Release|Any CPU
		{5D6862A0-327D-4E09-9CFF-2871A5E9F0A8}.Release|Mixed Platforms.ActiveCfg = Release|Any CPU
		{5D6862A0-327D-4E09-9CFF-2871A5E9F0A8}.Release|Mixed Platforms.Build.0 = Release|Any CPU
		{5D6862A0-327D-4E09-9CFF-2871A5E9F0A8}.Release|Mixed Platforms.Deploy.0 = Release|Any CPU
		{5D6862A0-327D-4E09-9CFF-2871A5E9F0A8}.Release|x86.ActiveCfg = Release|Any CPU
		{9E5F7A66-08C3-4DAA-BFEF-00AE6821D0F9}.Debug|Any CPU.ActiveCfg = Debug|Any CPU
		{9E5F7A66-08C3-4DAA-BFEF-00AE6821D0F9}.Debug|Any CPU.Build.0 = Debug|Any CPU
		{9E5F7A66-08C3-4DAA-BFEF-00AE6821D0F9}.Debug|Mixed Platforms.ActiveCfg = Debug|Any CPU
		{9E5F7A66-08C3-4DAA-BFEF-00AE6821D0F9}.Debug|Mixed Platforms.Build.0 = Debug|Any CPU
		{9E5F7A66-08C3-4DAA-BFEF-00AE6821D0F9}.Debug|x86.ActiveCfg = Debug|Any CPU
		{9E5F7A66-08C3-4DAA-BFEF-00AE6821D0F9}.Release|Any CPU.ActiveCfg = Release|Any CPU
		{9E5F7A66-08C3-4DAA-BFEF-00AE6821D0F9}.Release|Any CPU.Build.0 = Release|Any CPU
		{9E5F7A66-08C3-4DAA-BFEF-00AE6821D0F9}.Release|Mixed Platforms.ActiveCfg = Release|Any CPU
		{9E5F7A66-08C3-4DAA-BFEF-00AE6821D0F9}.Release|Mixed Platforms.Build.0 = Release|Any CPU
		{9E5F7A66-08C3-4DAA-BFEF-00AE6821D0F9}.Release|x86.ActiveCfg = Release|Any CPU
		{4CD5B14E-64F3-4537-B7D0-8BBE4AC19BA6}.Debug|Any CPU.ActiveCfg = Debug|Any CPU
		{4CD5B14E-64F3-4537-B7D0-8BBE4AC19BA6}.Debug|Any CPU.Build.0 = Debug|Any CPU
		{4CD5B14E-64F3-4537-B7D0-8BBE4AC19BA6}.Debug|Mixed Platforms.ActiveCfg = Debug|Any CPU
		{4CD5B14E-64F3-4537-B7D0-8BBE4AC19BA6}.Debug|Mixed Platforms.Build.0 = Debug|Any CPU
		{4CD5B14E-64F3-4537-B7D0-8BBE4AC19BA6}.Debug|x86.ActiveCfg = Debug|Any CPU
		{4CD5B14E-64F3-4537-B7D0-8BBE4AC19BA6}.Release|Any CPU.ActiveCfg = Release|Any CPU
		{4CD5B14E-64F3-4537-B7D0-8BBE4AC19BA6}.Release|Any CPU.Build.0 = Release|Any CPU
		{4CD5B14E-64F3-4537-B7D0-8BBE4AC19BA6}.Release|Mixed Platforms.ActiveCfg = Release|Any CPU
		{4CD5B14E-64F3-4537-B7D0-8BBE4AC19BA6}.Release|Mixed Platforms.Build.0 = Release|Any CPU
		{4CD5B14E-64F3-4537-B7D0-8BBE4AC19BA6}.Release|x86.ActiveCfg = Release|Any CPU
		{D7AC9CC1-70D2-44CD-860D-385F8CC6C222}.Debug|Any CPU.ActiveCfg = Debug|Any CPU
		{D7AC9CC1-70D2-44CD-860D-385F8CC6C222}.Debug|Any CPU.Build.0 = Debug|Any CPU
		{D7AC9CC1-70D2-44CD-860D-385F8CC6C222}.Debug|Mixed Platforms.ActiveCfg = Debug|Any CPU
		{D7AC9CC1-70D2-44CD-860D-385F8CC6C222}.Debug|Mixed Platforms.Build.0 = Debug|Any CPU
		{D7AC9CC1-70D2-44CD-860D-385F8CC6C222}.Debug|x86.ActiveCfg = Debug|Any CPU
		{D7AC9CC1-70D2-44CD-860D-385F8CC6C222}.Release|Any CPU.ActiveCfg = Release|Any CPU
		{D7AC9CC1-70D2-44CD-860D-385F8CC6C222}.Release|Any CPU.Build.0 = Release|Any CPU
		{D7AC9CC1-70D2-44CD-860D-385F8CC6C222}.Release|Mixed Platforms.ActiveCfg = Release|Any CPU
		{D7AC9CC1-70D2-44CD-860D-385F8CC6C222}.Release|Mixed Platforms.Build.0 = Release|Any CPU
		{D7AC9CC1-70D2-44CD-860D-385F8CC6C222}.Release|x86.ActiveCfg = Release|Any CPU
	EndGlobalSection
	GlobalSection(SolutionProperties) = preSolution
		HideSolutionNode = FALSE
	EndGlobalSection
EndGlobal
